
Microsoft Visual Studio Solution File, Format Version 12.00
# Visual Studio Version 16
VisualStudioVersion = 16.0.31729.503
MinimumVisualStudioVersion = 10.0.40219.1
Project("{FAE04EC0-301F-11D3-BF4B-00C04F79EFBC}") = "PRIME1", "PRIME1\PRIME1.csproj", "{634FE0E7-8221-4FF0-BC6D-4669FEDFAF0E}"
EndProject
Global
	GlobalSection(SolutionConfigurationPlatforms) = preSolution
		Debug|Any CPU = Debug|Any CPU
		Release|Any CPU = Release|Any CPU
	EndGlobalSection
	GlobalSection(ProjectConfigurationPlatforms) = postSolution
		{634FE0E7-8221-4FF0-BC6D-4669FEDFAF0E}.Debug|Any CPU.ActiveCfg = Debug|Any CPU
		{634FE0E7-8221-4FF0-BC6D-4669FEDFAF0E}.Debug|Any CPU.Build.0 = Debug|Any CPU
		{634FE0E7-8221-4FF0-BC6D-4669FEDFAF0E}.Release|Any CPU.ActiveCfg = Release|Any CPU
		{634FE0E7-8221-4FF0-BC6D-4669FEDFAF0E}.Release|Any CPU.Build.0 = Release|Any CPU
	EndGlobalSection
	GlobalSection(SolutionProperties) = preSolution
		HideSolutionNode = FALSE
	EndGlobalSection
	GlobalSection(ExtensibilityGlobals) = postSolution
		SolutionGuid = {771BA581-F5EF-44CE-81CE-5FAC199B2469}
	EndGlobalSection
EndGlobal
